
Microsoft Visual Studio Solution File, Format Version 12.00
# Visual Studio Version 17
VisualStudioVersion = 17.3.32929.385
MinimumVisualStudioVersion = 10.0.40219.1
Project("{FAE04EC0-301F-11D3-BF4B-00C04F79EFBC}") = "ПР12_1", "ПР12_1.csproj", "{D4B272F4-E1D2-49EB-8F52-5BEF819572CB}"
EndProject
Global
	GlobalSection(SolutionConfigurationPlatforms) = preSolution
		Debug|Any CPU = Debug|Any CPU
		Release|Any CPU = Release|Any CPU
	EndGlobalSection
	GlobalSection(ProjectConfigurationPlatforms) = postSolution
		{D4B272F4-E1D2-49EB-8F52-5BEF819572CB}.Debug|Any CPU.ActiveCfg = Debug|Any CPU
		{D4B272F4-E1D2-49EB-8F52-5BEF819572CB}.Debug|Any CPU.Build.0 = Debug|Any CPU
		{D4B272F4-E1D2-49EB-8F52-5BEF819572CB}.Release|Any CPU.ActiveCfg = Release|Any CPU
		{D4B272F4-E1D2-49EB-8F52-5BEF819572CB}.Release|Any CPU.Build.0 = Release|Any CPU
	EndGlobalSection
	GlobalSection(SolutionProperties) = preSolution
		HideSolutionNode = FALSE
	EndGlobalSection
	GlobalSection(ExtensibilityGlobals) = postSolution
		SolutionGuid = {B99DC167-AA17-4645-AD74-6D97C8632723}
	EndGlobalSection
EndGlobal
